// !$*UTF8*$!
{
	archiveVersion = 1;
	classes = {
	};
	objectVersion = 50;
	objects = {

/* Begin PBXBuildFile section */
		AFC24C13268E7FCC00A3CC0B /* AppDelegate.swift in Sources */ = {isa = PBXBuildFile; fileRef = AFC24C12268E7FCC00A3CC0B /* AppDelegate.swift */; };
		AFC24C15268E7FCC00A3CC0B /* SceneDelegate.swift in Sources */ = {isa = PBXBuildFile; fileRef = AFC24C14268E7FCC00A3CC0B /* SceneDelegate.swift */; };
		AFC24C1A268E7FCC00A3CC0B /* Main.storyboard in Resources */ = {isa = PBXBuildFile; fileRef = AFC24C18268E7FCC00A3CC0B /* Main.storyboard */; };
		AFC24C1C268E7FCE00A3CC0B /* Assets.xcassets in Resources */ = {isa = PBXBuildFile; fileRef = AFC24C1B268E7FCE00A3CC0B /* Assets.xcassets */; };
		AFC24C1F268E7FCE00A3CC0B /* LaunchScreen.storyboard in Resources */ = {isa = PBXBuildFile; fileRef = AFC24C1D268E7FCE00A3CC0B /* LaunchScreen.storyboard */; };
		AFC24C28268E809500A3CC0B /* NewsListTableViewController.swift in Sources */ = {isa = PBXBuildFile; fileRef = AFC24C27268E809500A3CC0B /* NewsListTableViewController.swift */; };
		AFC24C2B268E9B2800A3CC0B /* Webservices.swift in Sources */ = {isa = PBXBuildFile; fileRef = AFC24C2A268E9B2800A3CC0B /* Webservices.swift */; };
		AFC24C2E268EA03E00A3CC0B /* Article.swift in Sources */ = {isa = PBXBuildFile; fileRef = AFC24C2D268EA03E00A3CC0B /* Article.swift */; };
		AFC24C31268EAB3F00A3CC0B /* ArticleViewModel.swift in Sources */ = {isa = PBXBuildFile; fileRef = AFC24C30268EAB3F00A3CC0B /* ArticleViewModel.swift */; };
/* End PBXBuildFile section */

/* Begin PBXFileReference section */
		AFC24C0F268E7FCC00A3CC0B /* News.app */ = {isa = PBXFileReference; explicitFileType = wrapper.application; includeInIndex = 0; path = News.app; sourceTree = BUILT_PRODUCTS_DIR; };
		AFC24C12268E7FCC00A3CC0B /* AppDelegate.swift */ = {isa = PBXFileReference; lastKnownFileType = sourcecode.swift; path = AppDelegate.swift; sourceTree = "<group>"; };
		AFC24C14268E7FCC00A3CC0B /* SceneDelegate.swift */ = {isa = PBXFileReference; lastKnownFileType = sourcecode.swift; path = SceneDelegate.swift; sourceTree = "<group>"; };
		AFC24C19268E7FCC00A3CC0B /* Base */ = {isa = PBXFileReference; lastKnownFileType = file.storyboard; name = Base; path = Base.lproj/Main.storyboard; sourceTree = "<group>"; };
		AFC24C1B268E7FCE00A3CC0B /* Assets.xcassets */ = {isa = PBXFileReference; lastKnownFileType = folder.assetcatalog; path = Assets.xcassets; sourceTree = "<group>"; };
		AFC24C1E268E7FCE00A3CC0B /* Base */ = {isa = PBXFileReference; lastKnownFileType = file.storyboard; name = Base; path = Base.lproj/LaunchScreen.storyboard; sourceTree = "<group>"; };
		AFC24C20268E7FCE00A3CC0B /* Info.plist */ = {isa = PBXFileReference; lastKnownFileType = text.plist.xml; path = Info.plist; sourceTree = "<group>"; };
		AFC24C27268E809500A3CC0B /* NewsListTableViewController.swift */ = {isa = PBXFileReference; lastKnownFileType = sourcecode.swift; path = NewsListTableViewController.swift; sourceTree = "<group>"; };
		AFC24C2A268E9B2800A3CC0B /* Webservices.swift */ = {isa = PBXFileReference; lastKnownFileType = sourcecode.swift; path = Webservices.swift; sourceTree = "<group>"; };
		AFC24C2D268EA03E00A3CC0B /* Article.swift */ = {isa = PBXFileReference; lastKnownFileType = sourcecode.swift; path = Article.swift; sourceTree = "<group>"; };
		AFC24C30268EAB3F00A3CC0B /* ArticleViewModel.swift */ = {isa = PBXFileReference; lastKnownFileType = sourcecode.swift; path = ArticleViewModel.swift; sourceTree = "<group>"; };
/* End PBXFileReference section */

/* Begin PBXFrameworksBuildPhase section */
		AFC24C0C268E7FCC00A3CC0B /* Frameworks */ = {
			isa = PBXFrameworksBuildPhase;
			buildActionMask = 2147483647;
			files = (
			);
			runOnlyForDeploymentPostprocessing = 0;
		};
/* End PBXFrameworksBuildPhase section */

/* Begin PBXGroup section */
		AFC24C06268E7FCC00A3CC0B = {
			isa = PBXGroup;
			children = (
				AFC24C11268E7FCC00A3CC0B /* News */,
				AFC24C10268E7FCC00A3CC0B /* Products */,
			);
			sourceTree = "<group>";
		};
		AFC24C10268E7FCC00A3CC0B /* Products */ = {
			isa = PBXGroup;
			children = (
				AFC24C0F268E7FCC00A3CC0B /* News.app */,
			);
			name = Products;
			sourceTree = "<group>";
		};
		AFC24C11268E7FCC00A3CC0B /* News */ = {
			isa = PBXGroup;
			children = (
				AFC24C2F268EAB2400A3CC0B /* View Models */,
				AFC24C2C268EA03000A3CC0B /* Model */,
				AFC24C29268E9B0B00A3CC0B /* Services */,
				AFC24C26268E805500A3CC0B /* Controllers */,
				AFC24C12268E7FCC00A3CC0B /* AppDelegate.swift */,
				AFC24C14268E7FCC00A3CC0B /* SceneDelegate.swift */,
				AFC24C18268E7FCC00A3CC0B /* Main.storyboard */,
				AFC24C1B268E7FCE00A3CC0B /* Assets.xcassets */,
				AFC24C1D268E7FCE00A3CC0B /* LaunchScreen.storyboard */,
				AFC24C20268E7FCE00A3CC0B /* Info.plist */,
			);
			path = News;
			sourceTree = "<group>";
		};
		AFC24C26268E805500A3CC0B /* Controllers */ = {
			isa = PBXGroup;
			children = (
				AFC24C27268E809500A3CC0B /* NewsListTableViewController.swift */,
			);
			path = Controllers;
			sourceTree = "<group>";
		};
		AFC24C29268E9B0B00A3CC0B /* Services */ = {
			isa = PBXGroup;
			children = (
				AFC24C2A268E9B2800A3CC0B /* Webservices.swift */,
			);
			path = Services;
			sourceTree = "<group>";
		};
		AFC24C2C268EA03000A3CC0B /* Model */ = {
			isa = PBXGroup;
			children = (
				AFC24C2D268EA03E00A3CC0B /* Article.swift */,
			);
			path = Model;
			sourceTree = "<group>";
		};
		AFC24C2F268EAB2400A3CC0B /* View Models */ = {
			isa = PBXGroup;
			children = (
				AFC24C30268EAB3F00A3CC0B /* ArticleViewModel.swift */,
			);
			path = "View Models";
			sourceTree = "<group>";
		};
/* End PBXGroup section */

/* Begin PBXNativeTarget section */
		AFC24C0E268E7FCC00A3CC0B /* News */ = {
			isa = PBXNativeTarget;
			buildConfigurationList = AFC24C23268E7FCE00A3CC0B /* Build configuration list for PBXNativeTarget "News" */;
			buildPhases = (
				AFC24C0B268E7FCC00A3CC0B /* Sources */,
				AFC24C0C268E7FCC00A3CC0B /* Frameworks */,
				AFC24C0D268E7FCC00A3CC0B /* Resources */,
			);
			buildRules = (
			);
			dependencies = (
			);
			name = News;
			productName = News;
			productReference = AFC24C0F268E7FCC00A3CC0B /* News.app */;
			productType = "com.apple.product-type.application";
		};
/* End PBXNativeTarget section */

/* Begin PBXProject section */
		AFC24C07268E7FCC00A3CC0B /* Project object */ = {
			isa = PBXProject;
			attributes = {
				LastSwiftUpdateCheck = 1250;
				LastUpgradeCheck = 1250;
				TargetAttributes = {
					AFC24C0E268E7FCC00A3CC0B = {
						CreatedOnToolsVersion = 12.5.1;
					};
				};
			};
			buildConfigurationList = AFC24C0A268E7FCC00A3CC0B /* Build configuration list for PBXProject "News" */;
			compatibilityVersion = "Xcode 9.3";
			developmentRegion = en;
			hasScannedForEncodings = 0;
			knownRegions = (
				en,
				Base,
			);
			mainGroup = AFC24C06268E7FCC00A3CC0B;
			productRefGroup = AFC24C10268E7FCC00A3CC0B /* Products */;
			projectDirPath = "";
			projectRoot = "";
			targets = (
				AFC24C0E268E7FCC00A3CC0B /* News */,
			);
		};
/* End PBXProject section */

/* Begin PBXResourcesBuildPhase section */
		AFC24C0D268E7FCC00A3CC0B /* Resources */ = {
			isa = PBXResourcesBuildPhase;
			buildActionMask = 2147483647;
			files = (
				AFC24C1F268E7FCE00A3CC0B /* LaunchScreen.storyboard in Resources */,
				AFC24C1C268E7FCE00A3CC0B /* Assets.xcassets in Resources */,
				AFC24C1A268E7FCC00A3CC0B /* Main.storyboard in Resources */,
			);
			runOnlyForDeploymentPostprocessing = 0;
		};
/* End PBXResourcesBuildPhase section */

/* Begin PBXSourcesBuildPhase section */
		AFC24C0B268E7FCC00A3CC0B /* Sources */ = {
			isa = PBXSourcesBuildPhase;
			buildActionMask = 2147483647;
			files = (
				AFC24C13268E7FCC00A3CC0B /* AppDelegate.swift in Sources */,
				AFC24C28268E809500A3CC0B /* NewsListTableViewController.swift in Sources */,
				AFC24C2B268E9B2800A3CC0B /* Webservices.swift in Sources */,
				AFC24C31268EAB3F00A3CC0B /* ArticleViewModel.swift in Sources */,
				AFC24C15268E7FCC00A3CC0B /* SceneDelegate.swift in Sources */,
				AFC24C2E268EA03E00A3CC0B /* Article.swift in Sources */,
			);
			runOnlyForDeploymentPostprocessing = 0;
		};
/* End PBXSourcesBuildPhase section */

/* Begin PBXVariantGroup section */
		AFC24C18268E7FCC00A3CC0B /* Main.storyboard */ = {
			isa = PBXVariantGroup;
			children = (
				AFC24C19268E7FCC00A3CC0B /* Base */,
			);
			name = Main.storyboard;
			sourceTree = "<group>";
		};
		AFC24C1D268E7FCE00A3CC0B /* LaunchScreen.storyboard */ = {
			isa = PBXVariantGroup;
			children = (
				AFC24C1E268E7FCE00A3CC0B /* Base */,
			);
			name = LaunchScreen.storyboard;
			sourceTree = "<group>";
		};
/* End PBXVariantGroup section */

/* Begin XCBuildConfiguration section */
		AFC24C21268E7FCE00A3CC0B /* Debug */ = {
			isa = XCBuildConfiguration;
			buildSettings = {
				ALWAYS_SEARCH_USER_PATHS = NO;
				CLANG_ANALYZER_NONNULL = YES;
				CLANG_ANALYZER_NUMBER_OBJECT_CONVERSION = YES_AGGRESSIVE;
				CLANG_CXX_LANGUAGE_STANDARD = "gnu++14";
				CLANG_CXX_LIBRARY = "libc++";
				CLANG_ENABLE_MODULES = YES;
				CLANG_ENABLE_OBJC_ARC = YES;
				CLANG_ENABLE_OBJC_WEAK = YES;
				CLANG_WARN_BLOCK_CAPTURE_AUTORELEASING = YES;
				CLANG_WARN_BOOL_CONVERSION = YES;
				CLANG_WARN_COMMA = YES;
				CLANG_WARN_CONSTANT_CONVERSION = YES;
				CLANG_WARN_DEPRECATED_OBJC_IMPLEMENTATIONS = YES;
				CLANG_WARN_DIRECT_OBJC_ISA_USAGE = YES_ERROR;
				CLANG_WARN_DOCUMENTATION_COMMENTS = YES;
				CLANG_WARN_EMPTY_BODY = YES;
				CLANG_WARN_ENUM_CONVERSION = YES;
				CLANG_WARN_INFINITE_RECURSION = YES;
				CLANG_WARN_INT_CONVERSION = YES;
				CLANG_WARN_NON_LITERAL_NULL_CONVERSION = YES;
				CLANG_WARN_OBJC_IMPLICIT_RETAIN_SELF = YES;
				CLANG_WARN_OBJC_LITERAL_CONVERSION = YES;
				CLANG_WARN_OBJC_ROOT_CLASS = YES_ERROR;
				CLANG_WARN_QUOTED_INCLUDE_IN_FRAMEWORK_HEADER = YES;
				CLANG_WARN_RANGE_LOOP_ANALYSIS = YES;
				CLANG_WARN_STRICT_PROTOTYPES = YES;
				CLANG_WARN_SUSPICIOUS_MOVE = YES;
				CLANG_WARN_UNGUARDED_AVAILABILITY = YES_AGGRESSIVE;
				CLANG_WARN_UNREACHABLE_CODE = YES;
				CLANG_WARN__DUPLICATE_METHOD_MATCH = YES;
				COPY_PHASE_STRIP = NO;
				DEBUG_INFORMATION_FORMAT = dwarf;
				ENABLE_STRICT_OBJC_MSGSEND = YES;
				ENABLE_TESTABILITY = YES;
				GCC_C_LANGUAGE_STANDARD = gnu11;
				GCC_DYNAMIC_NO_PIC = NO;
				GCC_NO_COMMON_BLOCKS = YES;
				GCC_OPTIMIZATION_LEVEL = 0;
				GCC_PREPROCESSOR_DEFINITIONS = (
					"DEBUG=1",
					"$(inherited)",
				);
				GCC_WARN_64_TO_32_BIT_CONVERSION = YES;
				GCC_WARN_ABOUT_RETURN_TYPE = YES_ERROR;
				GCC_WARN_UNDECLARED_SELECTOR = YES;
				GCC_WARN_UNINITIALIZED_AUTOS = YES_AGGRESSIVE;
				GCC_WARN_UNUSED_FUNCTION = YES;
				GCC_WARN_UNUSED_VARIABLE = YES;
				IPHONEOS_DEPLOYMENT_TARGET = 14.5;
				MTL_ENABLE_DEBUG_INFO = INCLUDE_SOURCE;
				MTL_FAST_MATH = YES;
				ONLY_ACTIVE_ARCH = YES;
				SDKROOT = iphoneos;
				SWIFT_ACTIVE_COMPILATION_CONDITIONS = DEBUG;
				SWIFT_OPTIMIZATION_LEVEL = "-Onone";
			};
			name = Debug;
		};
		AFC24C22268E7FCE00A3CC0B /* Release */ = {
			isa = XCBuildConfiguration;
			buildSettings = {
				ALWAYS_SEARCH_USER_PATHS = NO;
				CLANG_ANALYZER_NONNULL = YES;
				CLANG_ANALYZER_NUMBER_OBJECT_CONVERSION = YES_AGGRESSIVE;
				CLANG_CXX_LANGUAGE_STANDARD = "gnu++14";
				CLANG_CXX_LIBRARY = "libc++";
				CLANG_ENABLE_MODULES = YES;
				CLANG_ENABLE_OBJC_ARC = YES;
				CLANG_ENABLE_OBJC_WEAK = YES;
				CLANG_WARN_BLOCK_CAPTURE_AUTORELEASING = YES;
				CLANG_WARN_BOOL_CONVERSION = YES;
				CLANG_WARN_COMMA = YES;
				CLANG_WARN_CONSTANT_CONVERSION = YES;
				CLANG_WARN_DEPRECATED_OBJC_IMPLEMENTATIONS = YES;
				CLANG_WARN_DIRECT_OBJC_ISA_USAGE = YES_ERROR;
				CLANG_WARN_DOCUMENTATION_COMMENTS = YES;
				CLANG_WARN_EMPTY_BODY = YES;
				CLANG_WARN_ENUM_CONVERSION = YES;
				CLANG_WARN_INFINITE_RECURSION = YES;
				CLANG_WARN_INT_CONVERSION = YES;
				CLANG_WARN_NON_LITERAL_NULL_CONVERSION = YES;
				CLANG_WARN_OBJC_IMPLICIT_RETAIN_SELF = YES;
				CLANG_WARN_OBJC_LITERAL_CONVERSION = YES;
				CLANG_WARN_OBJC_ROOT_CLASS = YES_ERROR;
				CLANG_WARN_QUOTED_INCLUDE_IN_FRAMEWORK_HEADER = YES;
				CLANG_WARN_RANGE_LOOP_ANALYSIS = YES;
				CLANG_WARN_STRICT_PROTOTYPES = YES;
				CLANG_WARN_SUSPICIOUS_MOVE = YES;
				CLANG_WARN_UNGUARDED_AVAILABILITY = YES_AGGRESSIVE;
				CLANG_WARN_UNREACHABLE_CODE = YES;
				CLANG_WARN__DUPLICATE_METHOD_MATCH = YES;
				COPY_PHASE_STRIP = NO;
				DEBUG_INFORMATION_FORMAT = "dwarf-with-dsym";
				ENABLE_NS_ASSERTIONS = NO;
				ENABLE_STRICT_OBJC_MSGSEND = YES;
				GCC_C_LANGUAGE_STANDARD = gnu11;
				GCC_NO_COMMON_BLOCKS = YES;
				GCC_WARN_64_TO_32_BIT_CONVERSION = YES;
				GCC_WARN_ABOUT_RETURN_TYPE = YES_ERROR;
				GCC_WARN_UNDECLARED_SELECTOR = YES;
				GCC_WARN_UNINITIALIZED_AUTOS = YES_AGGRESSIVE;
				GCC_WARN_UNUSED_FUNCTION = YES;
				GCC_WARN_UNUSED_VARIABLE = YES;
				IPHONEOS_DEPLOYMENT_TARGET = 14.5;
				MTL_ENABLE_DEBUG_INFO = NO;
				MTL_FAST_MATH = YES;
				SDKROOT = iphoneos;
				SWIFT_COMPILATION_MODE = wholemodule;
				SWIFT_OPTIMIZATION_LEVEL = "-O";
				VALIDATE_PRODUCT = YES;
			};
			name = Release;
		};
		AFC24C24268E7FCE00A3CC0B /* Debug */ = {
			isa = XCBuildConfiguration;
			buildSettings = {
				ASSETCATALOG_COMPILER_APPICON_NAME = AppIcon;
				ASSETCATALOG_COMPILER_GLOBAL_ACCENT_COLOR_NAME = AccentColor;
				CODE_SIGN_STYLE = Automatic;
				DEVELOPMENT_TEAM = 86HAV2WKA7;
				INFOPLIST_FILE = News/Info.plist;
				IPHONEOS_DEPLOYMENT_TARGET = 12.1;
				LD_RUNPATH_SEARCH_PATHS = (
					"$(inherited)",
					"@executable_path/Frameworks",
				);
				PRODUCT_BUNDLE_IDENTIFIER = "Rafael-Ortiz.News";
				PRODUCT_NAME = "$(TARGET_NAME)";
				SWIFT_VERSION = 5.0;
				TARGETED_DEVICE_FAMILY = 1;
			};
			name = Debug;
		};
		AFC24C25268E7FCE00A3CC0B /* Release */ = {
			isa = XCBuildConfiguration;
			buildSettings = {
				ASSETCATALOG_COMPILER_APPICON_NAME = AppIcon;
				ASSETCATALOG_COMPILER_GLOBAL_ACCENT_COLOR_NAME = AccentColor;
				CODE_SIGN_STYLE = Automatic;
				DEVELOPMENT_TEAM = 86HAV2WKA7;
				INFOPLIST_FILE = News/Info.plist;
				IPHONEOS_DEPLOYMENT_TARGET = 12.1;
				LD_RUNPATH_SEARCH_PATHS = (
					"$(inherited)",
					"@executable_path/Frameworks",
				);
				PRODUCT_BUNDLE_IDENTIFIER = "Rafael-Ortiz.News";
				PRODUCT_NAME = "$(TARGET_NAME)";
				SWIFT_VERSION = 5.0;
				TARGETED_DEVICE_FAMILY = 1;
			};
			name = Release;
		};
/* End XCBuildConfiguration section */

/* Begin XCConfigurationList section */
		AFC24C0A268E7FCC00A3CC0B /* Build configuration list for PBXProject "News" */ = {
			isa = XCConfigurationList;
			buildConfigurations = (
				AFC24C21268E7FCE00A3CC0B /* Debug */,
				AFC24C22268E7FCE00A3CC0B /* Release */,
			);
			defaultConfigurationIsVisible = 0;
			defaultConfigurationName = Release;
		};
		AFC24C23268E7FCE00A3CC0B /* Build configuration list for PBXNativeTarget "News" */ = {
			isa = XCConfigurationList;
			buildConfigurations = (
				AFC24C24268E7FCE00A3CC0B /* Debug */,
				AFC24C25268E7FCE00A3CC0B /* Release */,
			);
			defaultConfigurationIsVisible = 0;
			defaultConfigurationName = Release;
		};
/* End XCConfigurationList section */
	};
	rootObject = AFC24C07268E7FCC00A3CC0B /* Project object */;
}
